
Microsoft Visual Studio Solution File, Format Version 12.00
# Visual Studio Version 17
VisualStudioVersion = 17.3.32922.545
MinimumVisualStudioVersion = 10.0.40219.1
Project("{2150E333-8FDC-42A3-9474-1A3956D46DE8}") = "samples", "samples", "{F6808A89-2B57-49B1-9D5C-E4ACE0CEC44A}"
EndProject
Project("{2150E333-8FDC-42A3-9474-1A3956D46DE8}") = "tests", "tests", "{BF8F3BFE-5BF7-472E-A8B5-6F9957FDE3C0}"
EndProject
Project("{9A19103F-16F7-4668-BE54-9A1E7A4F7556}") = "Dequeueable.AzureQueueStorage", "lib\Dequeueable.AzureQueueStorage\Dequeueable.AzureQueueStorage.csproj", "{6F835E0D-58E4-40C4-85FA-63FE7F8A2325}"
EndProject
Project("{9A19103F-16F7-4668-BE54-9A1E7A4F7556}") = "Dequeueable.AzureQueueStorage.UnitTests", "tests\Dequeueable.AzureQueueStorage.UnitTests\Dequeueable.AzureQueueStorage.UnitTests.csproj", "{C7D6F742-F1B9-42D7-8C68-07209ADCBD6B}"
EndProject
Project("{9A19103F-16F7-4668-BE54-9A1E7A4F7556}") = "Dequeueable.AzureQueueStorage.IntegrationTests", "tests\Dequeueable.AzureQueueStorage.IntegrationTests\Dequeueable.AzureQueueStorage.IntegrationTests.csproj", "{B89684E3-D232-4819-9B1F-8CF0CD937E8C}"
EndProject
Project("{9A19103F-16F7-4668-BE54-9A1E7A4F7556}") = "Dequeueable.AzureQueueStorage.SampleJob", "samples\Dequeueable.AzureQueueStorage.SampleJob\Dequeueable.AzureQueueStorage.SampleJob.csproj", "{347E828A-0A4B-493E-BE44-E1A387323DC3}"
EndProject
Project("{9A19103F-16F7-4668-BE54-9A1E7A4F7556}") = "Dequeueable.AzureQueueStorage.SampleListener", "samples\Dequeueable.AzureQueueStorage.SampleListener\Dequeueable.AzureQueueStorage.SampleListener.csproj", "{9663C5AD-A70B-49B9-A764-599119EEDEDA}"
EndProject
Project("{9A19103F-16F7-4668-BE54-9A1E7A4F7556}") = "Dequeueable.AmazonSQS", "lib\Dequeueable.AmazonSQS\Dequeueable.AmazonSQS.csproj", "{952BD452-FFBE-4253-81BE-A85B955EC94A}"
EndProject
Project("{9A19103F-16F7-4668-BE54-9A1E7A4F7556}") = "Dequeueable.AmazonSQS.SampleJob", "samples\Dequeueable.AmazonSQS.SampleJob\Dequeueable.AmazonSQS.SampleJob.csproj", "{8B16AFB4-6124-4D59-86CE-386559E51C7C}"
EndProject
Project("{9A19103F-16F7-4668-BE54-9A1E7A4F7556}") = "Dequeueable.AmazonSQS.SampleListener", "samples\Dequeueable.AmazonSQS.SampleListener\Dequeueable.AmazonSQS.SampleListener.csproj", "{8EBE6EF9-3A32-4C5D-B617-D231CCDC332D}"
EndProject
Project("{9A19103F-16F7-4668-BE54-9A1E7A4F7556}") = "Dequeueable.AmazonSQS.UnitTests", "tests\Dequeueable.AmazonSQS.UnitTests\Dequeueable.AmazonSQS.UnitTests.csproj", "{3B23FE9B-4AEC-4EF0-8B7C-7A14F36B09DF}"
EndProject
Project("{FAE04EC0-301F-11D3-BF4B-00C04F79EFBC}") = "Dequeueable.AmazonSQS.IntegrationTests", "tests\Dequeueable.AmazonSQS.IntegrationTests\Dequeueable.AmazonSQS.IntegrationTests.csproj", "{70FB0E93-C10E-45CB-8E82-5C1370B92CE2}"
EndProject
Global
	GlobalSection(SolutionConfigurationPlatforms) = preSolution
		Debug|Any CPU = Debug|Any CPU
		Release|Any CPU = Release|Any CPU
	EndGlobalSection
	GlobalSection(ProjectConfigurationPlatforms) = postSolution
		{6F835E0D-58E4-40C4-85FA-63FE7F8A2325}.Debug|Any CPU.ActiveCfg = Debug|Any CPU
		{6F835E0D-58E4-40C4-85FA-63FE7F8A2325}.Debug|Any CPU.Build.0 = Debug|Any CPU
		{6F835E0D-58E4-40C4-85FA-63FE7F8A2325}.Release|Any CPU.ActiveCfg = Release|Any CPU
		{6F835E0D-58E4-40C4-85FA-63FE7F8A2325}.Release|Any CPU.Build.0 = Release|Any CPU
		{C7D6F742-F1B9-42D7-8C68-07209ADCBD6B}.Debug|Any CPU.ActiveCfg = Debug|Any CPU
		{C7D6F742-F1B9-42D7-8C68-07209ADCBD6B}.Debug|Any CPU.Build.0 = Debug|Any CPU
		{C7D6F742-F1B9-42D7-8C68-07209ADCBD6B}.Release|Any CPU.ActiveCfg = Release|Any CPU
		{C7D6F742-F1B9-42D7-8C68-07209ADCBD6B}.Release|Any CPU.Build.0 = Release|Any CPU
		{B89684E3-D232-4819-9B1F-8CF0CD937E8C}.Debug|Any CPU.ActiveCfg = Debug|Any CPU
		{B89684E3-D232-4819-9B1F-8CF0CD937E8C}.Debug|Any CPU.Build.0 = Debug|Any CPU
		{B89684E3-D232-4819-9B1F-8CF0CD937E8C}.Release|Any CPU.ActiveCfg = Release|Any CPU
		{B89684E3-D232-4819-9B1F-8CF0CD937E8C}.Release|Any CPU.Build.0 = Release|Any CPU
		{347E828A-0A4B-493E-BE44-E1A387323DC3}.Debug|Any CPU.ActiveCfg = Debug|Any CPU
		{347E828A-0A4B-493E-BE44-E1A387323DC3}.Debug|Any CPU.Build.0 = Debug|Any CPU
		{347E828A-0A4B-493E-BE44-E1A387323DC3}.Release|Any CPU.ActiveCfg = Release|Any CPU
		{347E828A-0A4B-493E-BE44-E1A387323DC3}.Release|Any CPU.Build.0 = Release|Any CPU
		{9663C5AD-A70B-49B9-A764-599119EEDEDA}.Debug|Any CPU.ActiveCfg = Debug|Any CPU
		{9663C5AD-A70B-49B9-A764-599119EEDEDA}.Debug|Any CPU.Build.0 = Debug|Any CPU
		{9663C5AD-A70B-49B9-A764-599119EEDEDA}.Release|Any CPU.ActiveCfg = Release|Any CPU
		{9663C5AD-A70B-49B9-A764-599119EEDEDA}.Release|Any CPU.Build.0 = Release|Any CPU
		{952BD452-FFBE-4253-81BE-A85B955EC94A}.Debug|Any CPU.ActiveCfg = Debug|Any CPU
		{952BD452-FFBE-4253-81BE-A85B955EC94A}.Debug|Any CPU.Build.0 = Debug|Any CPU
		{952BD452-FFBE-4253-81BE-A85B955EC94A}.Release|Any CPU.ActiveCfg = Release|Any CPU
		{952BD452-FFBE-4253-81BE-A85B955EC94A}.Release|Any CPU.Build.0 = Release|Any CPU
		{8B16AFB4-6124-4D59-86CE-386559E51C7C}.Debug|Any CPU.ActiveCfg = Debug|Any CPU
		{8B16AFB4-6124-4D59-86CE-386559E51C7C}.Debug|Any CPU.Build.0 = Debug|Any CPU
		{8B16AFB4-6124-4D59-86CE-386559E51C7C}.Release|Any CPU.ActiveCfg = Release|Any CPU
		{8B16AFB4-6124-4D59-86CE-386559E51C7C}.Release|Any CPU.Build.0 = Release|Any CPU
		{8EBE6EF9-3A32-4C5D-B617-D231CCDC332D}.Debug|Any CPU.ActiveCfg = Debug|Any CPU
		{8EBE6EF9-3A32-4C5D-B617-D231CCDC332D}.Debug|Any CPU.Build.0 = Debug|Any CPU
		{8EBE6EF9-3A32-4C5D-B617-D231CCDC332D}.Release|Any CPU.ActiveCfg = Release|Any CPU
		{8EBE6EF9-3A32-4C5D-B617-D231CCDC332D}.Release|Any CPU.Build.0 = Release|Any CPU
		{3B23FE9B-4AEC-4EF0-8B7C-7A14F36B09DF}.Debug|Any CPU.ActiveCfg = Debug|Any CPU
		{3B23FE9B-4AEC-4EF0-8B7C-7A14F36B09DF}.Debug|Any CPU.Build.0 = Debug|Any CPU
		{3B23FE9B-4AEC-4EF0-8B7C-7A14F36B09DF}.Release|Any CPU.ActiveCfg = Release|Any CPU
		{3B23FE9B-4AEC-4EF0-8B7C-7A14F36B09DF}.Release|Any CPU.Build.0 = Release|Any CPU
		{70FB0E93-C10E-45CB-8E82-5C1370B92CE2}.Debug|Any CPU.ActiveCfg = Debug|Any CPU
		{70FB0E93-C10E-45CB-8E82-5C1370B92CE2}.Debug|Any CPU.Build.0 = Debug|Any CPU
		{70FB0E93-C10E-45CB-8E82-5C1370B92CE2}.Release|Any CPU.ActiveCfg = Release|Any CPU
		{70FB0E93-C10E-45CB-8E82-5C1370B92CE2}.Release|Any CPU.Build.0 = Release|Any CPU
	EndGlobalSection
	GlobalSection(SolutionProperties) = preSolution
		HideSolutionNode = FALSE
	EndGlobalSection
	GlobalSection(NestedProjects) = preSolution
		{C7D6F742-F1B9-42D7-8C68-07209ADCBD6B} = {BF8F3BFE-5BF7-472E-A8B5-6F9957FDE3C0}
		{B89684E3-D232-4819-9B1F-8CF0CD937E8C} = {BF8F3BFE-5BF7-472E-A8B5-6F9957FDE3C0}
		{347E828A-0A4B-493E-BE44-E1A387323DC3} = {F6808A89-2B57-49B1-9D5C-E4ACE0CEC44A}
		{9663C5AD-A70B-49B9-A764-599119EEDEDA} = {F6808A89-2B57-49B1-9D5C-E4ACE0CEC44A}
		{8B16AFB4-6124-4D59-86CE-386559E51C7C} = {F6808A89-2B57-49B1-9D5C-E4ACE0CEC44A}
		{8EBE6EF9-3A32-4C5D-B617-D231CCDC332D} = {F6808A89-2B57-49B1-9D5C-E4ACE0CEC44A}
		{3B23FE9B-4AEC-4EF0-8B7C-7A14F36B09DF} = {BF8F3BFE-5BF7-472E-A8B5-6F9957FDE3C0}
		{70FB0E93-C10E-45CB-8E82-5C1370B92CE2} = {BF8F3BFE-5BF7-472E-A8B5-6F9957FDE3C0}
	EndGlobalSection
	GlobalSection(ExtensibilityGlobals) = postSolution
		SolutionGuid = {FA24EF80-390F-45DE-B60C-2632F0952E02}
	EndGlobalSection
EndGlobal
