
Microsoft Visual Studio Solution File, Format Version 12.00
# Visual Studio Version 17
VisualStudioVersion = 17.3.32922.545
MinimumVisualStudioVersion = 10.0.40219.1
Project("{2150E333-8FDC-42A3-9474-1A3956D46DE8}") = "samples", "samples", "{F6808A89-2B57-49B1-9D5C-E4ACE0CEC44A}"
EndProject
Project("{2150E333-8FDC-42A3-9474-1A3956D46DE8}") = "tests", "tests", "{BF8F3BFE-5BF7-472E-A8B5-6F9957FDE3C0}"
EndProject
Project("{9A19103F-16F7-4668-BE54-9A1E7A4F7556}") = "WebJobs.Azure.QueueStorage.Function", "lib\WebJobs.Azure.QueueStorage.Function\WebJobs.Azure.QueueStorage.Function.csproj", "{993889B0-521F-4D45-8004-FAB58BAD8FC6}"
EndProject
Project("{9A19103F-16F7-4668-BE54-9A1E7A4F7556}") = "WebJobs.Azure.QueueStorage.Function.SampleConsoleApp", "samples\WebJobs.Azure.QueueStorage.Function.SampleConsoleApp\WebJobs.Azure.QueueStorage.Function.SampleConsoleApp.csproj", "{15B68622-73C7-4A35-BCE8-657A6AF7F883}"
EndProject
Project("{9A19103F-16F7-4668-BE54-9A1E7A4F7556}") = "WebJobs.Azure.QueueStorage.Function.IntegrationTests", "tests\WebJobs.Azure.QueueStorage.Function.IntegrationTests\WebJobs.Azure.QueueStorage.Function.IntegrationTests.csproj", "{887DC788-F98C-42C4-96B1-201411C2A37E}"
EndProject
Project("{9A19103F-16F7-4668-BE54-9A1E7A4F7556}") = "WebJobs.Azure.QueueStorage.Function.UnitTests", "tests\WebJobs.Azure.QueueStorage.Function.UnitTests\WebJobs.Azure.QueueStorage.Function.UnitTests.csproj", "{96AB3B51-1303-4867-B622-34BDF2D9744B}"
EndProject
Project("{9A19103F-16F7-4668-BE54-9A1E7A4F7556}") = "WebJobs.Azure.QueueStorage.Core", "lib\WebJobs.Azure.QueueStorage.Core\WebJobs.Azure.QueueStorage.Core.csproj", "{106EDA33-DF2E-4A5B-9D31-FF6DC9A37F2F}"
EndProject
Project("{9A19103F-16F7-4668-BE54-9A1E7A4F7556}") = "WebJobs.Azure.QueueStorage.Core.UnitTests", "tests\WebJobs.Azure.QueueStorage.Core.UnitTests\WebJobs.Azure.QueueStorage.Core.UnitTests.csproj", "{5CC9880B-FF0F-4108-85DF-E1422729ECB3}"
EndProject
Project("{9A19103F-16F7-4668-BE54-9A1E7A4F7556}") = "WebJobs.Azure.QueueStorage.Job", "lib\WebJobs.Azure.QueueStorage.Job\WebJobs.Azure.QueueStorage.Job.csproj", "{FCDD5A76-FF63-4641-A427-6846F59EA808}"
EndProject
Project("{FAE04EC0-301F-11D3-BF4B-00C04F79EFBC}") = "WebJobs.Azure.QueueStorage.Job.SampleConsoleApp", "samples\WebJobs.Azure.QueueStorage.Job.SampleConsoleApp\WebJobs.Azure.QueueStorage.Job.SampleConsoleApp.csproj", "{269C9D6F-6D3C-46DA-A933-40354D024C4B}"
EndProject
Project("{FAE04EC0-301F-11D3-BF4B-00C04F79EFBC}") = "WebJobs.Azure.QueueStorage.Job.UnitTests", "tests\WebJobs.Azure.QueueStorage.Job.UnitTests\WebJobs.Azure.QueueStorage.Job.UnitTests.csproj", "{9722E78D-806B-4761-A2C6-4E715296D263}"
EndProject
Project("{FAE04EC0-301F-11D3-BF4B-00C04F79EFBC}") = "WebJobs.Azure.QueueStorage.Job.IntegrationTests", "tests\WebJobs.Azure.QueueStorage.Job.IntegrationTests\WebJobs.Azure.QueueStorage.Job.IntegrationTests.csproj", "{B5E66A11-03B3-4E8E-816C-AEA6FD747E8D}"
EndProject
Global
	GlobalSection(SolutionConfigurationPlatforms) = preSolution
		Debug|Any CPU = Debug|Any CPU
		Release|Any CPU = Release|Any CPU
	EndGlobalSection
	GlobalSection(ProjectConfigurationPlatforms) = postSolution
		{993889B0-521F-4D45-8004-FAB58BAD8FC6}.Debug|Any CPU.ActiveCfg = Debug|Any CPU
		{993889B0-521F-4D45-8004-FAB58BAD8FC6}.Debug|Any CPU.Build.0 = Debug|Any CPU
		{993889B0-521F-4D45-8004-FAB58BAD8FC6}.Release|Any CPU.ActiveCfg = Release|Any CPU
		{993889B0-521F-4D45-8004-FAB58BAD8FC6}.Release|Any CPU.Build.0 = Release|Any CPU
		{15B68622-73C7-4A35-BCE8-657A6AF7F883}.Debug|Any CPU.ActiveCfg = Debug|Any CPU
		{15B68622-73C7-4A35-BCE8-657A6AF7F883}.Debug|Any CPU.Build.0 = Debug|Any CPU
		{15B68622-73C7-4A35-BCE8-657A6AF7F883}.Release|Any CPU.ActiveCfg = Release|Any CPU
		{15B68622-73C7-4A35-BCE8-657A6AF7F883}.Release|Any CPU.Build.0 = Release|Any CPU
		{887DC788-F98C-42C4-96B1-201411C2A37E}.Debug|Any CPU.ActiveCfg = Debug|Any CPU
		{887DC788-F98C-42C4-96B1-201411C2A37E}.Debug|Any CPU.Build.0 = Debug|Any CPU
		{887DC788-F98C-42C4-96B1-201411C2A37E}.Release|Any CPU.ActiveCfg = Release|Any CPU
		{887DC788-F98C-42C4-96B1-201411C2A37E}.Release|Any CPU.Build.0 = Release|Any CPU
		{96AB3B51-1303-4867-B622-34BDF2D9744B}.Debug|Any CPU.ActiveCfg = Debug|Any CPU
		{96AB3B51-1303-4867-B622-34BDF2D9744B}.Debug|Any CPU.Build.0 = Debug|Any CPU
		{96AB3B51-1303-4867-B622-34BDF2D9744B}.Release|Any CPU.ActiveCfg = Release|Any CPU
		{96AB3B51-1303-4867-B622-34BDF2D9744B}.Release|Any CPU.Build.0 = Release|Any CPU
		{106EDA33-DF2E-4A5B-9D31-FF6DC9A37F2F}.Debug|Any CPU.ActiveCfg = Debug|Any CPU
		{106EDA33-DF2E-4A5B-9D31-FF6DC9A37F2F}.Debug|Any CPU.Build.0 = Debug|Any CPU
		{106EDA33-DF2E-4A5B-9D31-FF6DC9A37F2F}.Release|Any CPU.ActiveCfg = Release|Any CPU
		{106EDA33-DF2E-4A5B-9D31-FF6DC9A37F2F}.Release|Any CPU.Build.0 = Release|Any CPU
		{5CC9880B-FF0F-4108-85DF-E1422729ECB3}.Debug|Any CPU.ActiveCfg = Debug|Any CPU
		{5CC9880B-FF0F-4108-85DF-E1422729ECB3}.Debug|Any CPU.Build.0 = Debug|Any CPU
		{5CC9880B-FF0F-4108-85DF-E1422729ECB3}.Release|Any CPU.ActiveCfg = Release|Any CPU
		{5CC9880B-FF0F-4108-85DF-E1422729ECB3}.Release|Any CPU.Build.0 = Release|Any CPU
		{FCDD5A76-FF63-4641-A427-6846F59EA808}.Debug|Any CPU.ActiveCfg = Debug|Any CPU
		{FCDD5A76-FF63-4641-A427-6846F59EA808}.Debug|Any CPU.Build.0 = Debug|Any CPU
		{FCDD5A76-FF63-4641-A427-6846F59EA808}.Release|Any CPU.ActiveCfg = Release|Any CPU
		{FCDD5A76-FF63-4641-A427-6846F59EA808}.Release|Any CPU.Build.0 = Release|Any CPU
		{269C9D6F-6D3C-46DA-A933-40354D024C4B}.Debug|Any CPU.ActiveCfg = Debug|Any CPU
		{269C9D6F-6D3C-46DA-A933-40354D024C4B}.Debug|Any CPU.Build.0 = Debug|Any CPU
		{269C9D6F-6D3C-46DA-A933-40354D024C4B}.Release|Any CPU.ActiveCfg = Release|Any CPU
		{269C9D6F-6D3C-46DA-A933-40354D024C4B}.Release|Any CPU.Build.0 = Release|Any CPU
		{9722E78D-806B-4761-A2C6-4E715296D263}.Debug|Any CPU.ActiveCfg = Debug|Any CPU
		{9722E78D-806B-4761-A2C6-4E715296D263}.Debug|Any CPU.Build.0 = Debug|Any CPU
		{9722E78D-806B-4761-A2C6-4E715296D263}.Release|Any CPU.ActiveCfg = Release|Any CPU
		{9722E78D-806B-4761-A2C6-4E715296D263}.Release|Any CPU.Build.0 = Release|Any CPU
		{B5E66A11-03B3-4E8E-816C-AEA6FD747E8D}.Debug|Any CPU.ActiveCfg = Debug|Any CPU
		{B5E66A11-03B3-4E8E-816C-AEA6FD747E8D}.Debug|Any CPU.Build.0 = Debug|Any CPU
		{B5E66A11-03B3-4E8E-816C-AEA6FD747E8D}.Release|Any CPU.ActiveCfg = Release|Any CPU
		{B5E66A11-03B3-4E8E-816C-AEA6FD747E8D}.Release|Any CPU.Build.0 = Release|Any CPU
	EndGlobalSection
	GlobalSection(SolutionProperties) = preSolution
		HideSolutionNode = FALSE
	EndGlobalSection
	GlobalSection(NestedProjects) = preSolution
		{15B68622-73C7-4A35-BCE8-657A6AF7F883} = {F6808A89-2B57-49B1-9D5C-E4ACE0CEC44A}
		{887DC788-F98C-42C4-96B1-201411C2A37E} = {BF8F3BFE-5BF7-472E-A8B5-6F9957FDE3C0}
		{96AB3B51-1303-4867-B622-34BDF2D9744B} = {BF8F3BFE-5BF7-472E-A8B5-6F9957FDE3C0}
		{5CC9880B-FF0F-4108-85DF-E1422729ECB3} = {BF8F3BFE-5BF7-472E-A8B5-6F9957FDE3C0}
		{269C9D6F-6D3C-46DA-A933-40354D024C4B} = {F6808A89-2B57-49B1-9D5C-E4ACE0CEC44A}
		{9722E78D-806B-4761-A2C6-4E715296D263} = {BF8F3BFE-5BF7-472E-A8B5-6F9957FDE3C0}
		{B5E66A11-03B3-4E8E-816C-AEA6FD747E8D} = {BF8F3BFE-5BF7-472E-A8B5-6F9957FDE3C0}
	EndGlobalSection
	GlobalSection(ExtensibilityGlobals) = postSolution
		SolutionGuid = {FA24EF80-390F-45DE-B60C-2632F0952E02}
	EndGlobalSection
EndGlobal
