
Microsoft Visual Studio Solution File, Format Version 12.00
# Visual Studio Version 17
VisualStudioVersion = 17.3.32922.545
MinimumVisualStudioVersion = 10.0.40219.1
Project("{2150E333-8FDC-42A3-9474-1A3956D46DE8}") = "samples", "samples", "{F6808A89-2B57-49B1-9D5C-E4ACE0CEC44A}"
EndProject
Project("{2150E333-8FDC-42A3-9474-1A3956D46DE8}") = "tests", "tests", "{BF8F3BFE-5BF7-472E-A8B5-6F9957FDE3C0}"
EndProject
Project("{9A19103F-16F7-4668-BE54-9A1E7A4F7556}") = "WebJobs.Azure.QueueStorage.Job.SampleConsoleApp", "samples\WebJobs.Azure.QueueStorage.Job.SampleConsoleApp\WebJobs.Azure.QueueStorage.Job.SampleConsoleApp.csproj", "{269C9D6F-6D3C-46DA-A933-40354D024C4B}"
EndProject
Project("{9A19103F-16F7-4668-BE54-9A1E7A4F7556}") = "WebJobs.Azure.QueueStorage.Functions.UnitTests", "tests\WebJobs.Azure.QueueStorage.Functions.UnitTests\WebJobs.Azure.QueueStorage.Functions.UnitTests.csproj", "{412EDB4E-1DBD-4BED-ACEC-B709F4E1C519}"
EndProject
Project("{9A19103F-16F7-4668-BE54-9A1E7A4F7556}") = "WebJobs.Azure.QueueStorage.Functions.IntegrationTests", "tests\WebJobs.Azure.QueueStorage.Functions.IntegrationTests\WebJobs.Azure.QueueStorage.Functions.IntegrationTests.csproj", "{FC890FAF-431C-4D94-BCB5-D2C3EB132DB4}"
EndProject
Project("{9A19103F-16F7-4668-BE54-9A1E7A4F7556}") = "WebJobs.Azure.QueueStorage.Functions", "lib\WebJobs.Azure.QueueStorage.Functions\WebJobs.Azure.QueueStorage.Functions.csproj", "{3690D286-1B85-48D6-A25E-CB7EC018E1EC}"
EndProject
Global
	GlobalSection(SolutionConfigurationPlatforms) = preSolution
		Debug|Any CPU = Debug|Any CPU
		Release|Any CPU = Release|Any CPU
	EndGlobalSection
	GlobalSection(ProjectConfigurationPlatforms) = postSolution
		{269C9D6F-6D3C-46DA-A933-40354D024C4B}.Debug|Any CPU.ActiveCfg = Debug|Any CPU
		{269C9D6F-6D3C-46DA-A933-40354D024C4B}.Debug|Any CPU.Build.0 = Debug|Any CPU
		{269C9D6F-6D3C-46DA-A933-40354D024C4B}.Release|Any CPU.ActiveCfg = Release|Any CPU
		{269C9D6F-6D3C-46DA-A933-40354D024C4B}.Release|Any CPU.Build.0 = Release|Any CPU
		{412EDB4E-1DBD-4BED-ACEC-B709F4E1C519}.Debug|Any CPU.ActiveCfg = Debug|Any CPU
		{412EDB4E-1DBD-4BED-ACEC-B709F4E1C519}.Debug|Any CPU.Build.0 = Debug|Any CPU
		{412EDB4E-1DBD-4BED-ACEC-B709F4E1C519}.Release|Any CPU.ActiveCfg = Release|Any CPU
		{412EDB4E-1DBD-4BED-ACEC-B709F4E1C519}.Release|Any CPU.Build.0 = Release|Any CPU
		{FC890FAF-431C-4D94-BCB5-D2C3EB132DB4}.Debug|Any CPU.ActiveCfg = Debug|Any CPU
		{FC890FAF-431C-4D94-BCB5-D2C3EB132DB4}.Debug|Any CPU.Build.0 = Debug|Any CPU
		{FC890FAF-431C-4D94-BCB5-D2C3EB132DB4}.Release|Any CPU.ActiveCfg = Release|Any CPU
		{FC890FAF-431C-4D94-BCB5-D2C3EB132DB4}.Release|Any CPU.Build.0 = Release|Any CPU
		{3690D286-1B85-48D6-A25E-CB7EC018E1EC}.Debug|Any CPU.ActiveCfg = Debug|Any CPU
		{3690D286-1B85-48D6-A25E-CB7EC018E1EC}.Debug|Any CPU.Build.0 = Debug|Any CPU
		{3690D286-1B85-48D6-A25E-CB7EC018E1EC}.Release|Any CPU.ActiveCfg = Release|Any CPU
		{3690D286-1B85-48D6-A25E-CB7EC018E1EC}.Release|Any CPU.Build.0 = Release|Any CPU
	EndGlobalSection
	GlobalSection(SolutionProperties) = preSolution
		HideSolutionNode = FALSE
	EndGlobalSection
	GlobalSection(NestedProjects) = preSolution
		{269C9D6F-6D3C-46DA-A933-40354D024C4B} = {F6808A89-2B57-49B1-9D5C-E4ACE0CEC44A}
		{412EDB4E-1DBD-4BED-ACEC-B709F4E1C519} = {BF8F3BFE-5BF7-472E-A8B5-6F9957FDE3C0}
		{FC890FAF-431C-4D94-BCB5-D2C3EB132DB4} = {BF8F3BFE-5BF7-472E-A8B5-6F9957FDE3C0}
	EndGlobalSection
	GlobalSection(ExtensibilityGlobals) = postSolution
		SolutionGuid = {FA24EF80-390F-45DE-B60C-2632F0952E02}
	EndGlobalSection
EndGlobal
